{
  "name": "Spotify-Deploy",
  "lockfileVersion": 3,
  "requires": true,
  "packages": {
    "": {
      "dependencies": {
        "react-router-dom": "^6.27.0"
      }
    },
    "node_modules/@remix-run/router": {
      "version": "1.20.0",
      "resolved": "https://registry.npmjs.org/@remix-run/router/-/router-1.20.0.tgz",
      "integrity": "sha512-mUnk8rPJBI9loFDZ+YzPGdeniYK+FTmRD1TMCz7ev2SNIozyKKpnGgsxO34u6Z4z/t0ITuu7voi/AshfsGsgFg==",
      "engines": {
        "node": ">=14.0.0"
      }
    },
    "node_modules/react-router": {
      "version": "6.27.0",
      "resolved": "https://registry.npmjs.org/react-router/-/react-router-6.27.0.tgz",
      "integrity": "sha512-YA+HGZXz4jaAkVoYBE98VQl+nVzI+cVI2Oj/06F5ZM+0u3TgedN9Y9kmMRo2mnkSK2nCpNQn0DVob4HCsY/WLw==",
      "dependencies": {
        "@remix-run/router": "1.20.0"
      },
      "engines": {
        "node": ">=14.0.0"
      },
      "peerDependencies": {
        "react": ">=16.8"
      }
    },
    "node_modules/react-router-dom": {
      "version": "6.27.0",
      "resolved": "https://registry.npmjs.org/react-router-dom/-/react-router-dom-6.27.0.tgz",
      "integrity": "sha512-+bvtFWMC0DgAFrfKXKG9Fc+BcXWRUO1aJIihbB79xaeq0v5UzfvnM5houGUm1Y461WVRcgAQ+Clh5rdb1eCx4g==",
      "dependencies": {
        "@remix-run/router": "1.20.0",
        "react-router": "6.27.0"
      },
      "engines": {
        "node": ">=14.0.0"
      },
      "peerDependencies": {
        "react": ">=16.8",
        "react-dom": ">=16.8"
      }
    }
  }
}
